
Microsoft Visual Studio Solution File, Format Version 12.00
# Visual Studio Version 16
VisualStudioVersion = 16.0.31129.286
MinimumVisualStudioVersion = 10.0.40219.1
Project("{FAE04EC0-301F-11D3-BF4B-00C04F79EFBC}") = "DSW2_Proyecto_Huron_Azul", "DSW2_Proyecto_Huron_Azul\DSW2_Proyecto_Huron_Azul.csproj", "{C0820322-6FF1-4FE5-BC2A-4F6E12F6C837}"
EndProject
Global
	GlobalSection(SolutionConfigurationPlatforms) = preSolution
		Debug|Any CPU = Debug|Any CPU
		Release|Any CPU = Release|Any CPU
	EndGlobalSection
	GlobalSection(ProjectConfigurationPlatforms) = postSolution
		{C0820322-6FF1-4FE5-BC2A-4F6E12F6C837}.Debug|Any CPU.ActiveCfg = Debug|Any CPU
		{C0820322-6FF1-4FE5-BC2A-4F6E12F6C837}.Debug|Any CPU.Build.0 = Debug|Any CPU
		{C0820322-6FF1-4FE5-BC2A-4F6E12F6C837}.Release|Any CPU.ActiveCfg = Release|Any CPU
		{C0820322-6FF1-4FE5-BC2A-4F6E12F6C837}.Release|Any CPU.Build.0 = Release|Any CPU
	EndGlobalSection
	GlobalSection(SolutionProperties) = preSolution
		HideSolutionNode = FALSE
	EndGlobalSection
	GlobalSection(ExtensibilityGlobals) = postSolution
		SolutionGuid = {3B19F335-BA07-40B4-906B-51CBECCA56A4}
	EndGlobalSection
EndGlobal
